
Microsoft Visual Studio Solution File, Format Version 12.00
# Visual Studio 14
VisualStudioVersion = 14.0.25420.1
MinimumVisualStudioVersion = 10.0.40219.1
Project("{FAE04EC0-301F-11D3-BF4B-00C04F79EFBC}") = "Corporativo.Negocio", "Negocio\Corporativo.Negocio.csproj", "{26D2EF34-4268-4D62-B672-28DB1A121FF7}"
EndProject
Project("{FAE04EC0-301F-11D3-BF4B-00C04F79EFBC}") = "Corporativo.Web", "Web\Corporativo.Web.csproj", "{64D25A41-5D53-4FA3-896E-CF807894B504}"
EndProject
Project("{FAE04EC0-301F-11D3-BF4B-00C04F79EFBC}") = "Corporativo.Entidade", "Entidade\Corporativo.Entidade.csproj", "{38EA2F21-5CDC-47DD-86E6-A1225C8AA504}"
EndProject
Global
	GlobalSection(SolutionConfigurationPlatforms) = preSolution
		Debug|Any CPU = Debug|Any CPU
		Release|Any CPU = Release|Any CPU
	EndGlobalSection
	GlobalSection(ProjectConfigurationPlatforms) = postSolution
		{26D2EF34-4268-4D62-B672-28DB1A121FF7}.Debug|Any CPU.ActiveCfg = Debug|Any CPU
		{26D2EF34-4268-4D62-B672-28DB1A121FF7}.Debug|Any CPU.Build.0 = Debug|Any CPU
		{26D2EF34-4268-4D62-B672-28DB1A121FF7}.Release|Any CPU.ActiveCfg = Release|Any CPU
		{26D2EF34-4268-4D62-B672-28DB1A121FF7}.Release|Any CPU.Build.0 = Release|Any CPU
		{64D25A41-5D53-4FA3-896E-CF807894B504}.Debug|Any CPU.ActiveCfg = Debug|Any CPU
		{64D25A41-5D53-4FA3-896E-CF807894B504}.Debug|Any CPU.Build.0 = Debug|Any CPU
		{64D25A41-5D53-4FA3-896E-CF807894B504}.Release|Any CPU.ActiveCfg = Release|Any CPU
		{64D25A41-5D53-4FA3-896E-CF807894B504}.Release|Any CPU.Build.0 = Release|Any CPU
		{38EA2F21-5CDC-47DD-86E6-A1225C8AA504}.Debug|Any CPU.ActiveCfg = Debug|Any CPU
		{38EA2F21-5CDC-47DD-86E6-A1225C8AA504}.Debug|Any CPU.Build.0 = Debug|Any CPU
		{38EA2F21-5CDC-47DD-86E6-A1225C8AA504}.Release|Any CPU.ActiveCfg = Release|Any CPU
		{38EA2F21-5CDC-47DD-86E6-A1225C8AA504}.Release|Any CPU.Build.0 = Release|Any CPU
	EndGlobalSection
	GlobalSection(SolutionProperties) = preSolution
		HideSolutionNode = FALSE
	EndGlobalSection
EndGlobal
